// !$*UTF8*$!
{
	archiveVersion = 1;
	classes = {
	};
	objectVersion = 46;
	objects = {

/* Begin PBXBuildFile section */
		95391CF41A12355D000EB952 /* main.m in Sources */ = {isa = PBXBuildFile; fileRef = 95391CF31A12355D000EB952 /* main.m */; };
		95391CF71A12355D000EB952 /* AppDelegate.m in Sources */ = {isa = PBXBuildFile; fileRef = 95391CF61A12355D000EB952 /* AppDelegate.m */; };
		95391CFA1A12355D000EB952 /* ViewController.m in Sources */ = {isa = PBXBuildFile; fileRef = 95391CF91A12355D000EB952 /* ViewController.m */; };
		95391CFD1A12355D000EB952 /* Main.storyboard in Resources */ = {isa = PBXBuildFile; fileRef = 95391CFB1A12355D000EB952 /* Main.storyboard */; };
		95391CFF1A12355D000EB952 /* Images.xcassets in Resources */ = {isa = PBXBuildFile; fileRef = 95391CFE1A12355D000EB952 /* Images.xcassets */; };
		95391D021A12355D000EB952 /* LaunchScreen.xib in Resources */ = {isa = PBXBuildFile; fileRef = 95391D001A12355D000EB952 /* LaunchScreen.xib */; };
		95391D0E1A12355D000EB952 /* GithubViewerTests.m in Sources */ = {isa = PBXBuildFile; fileRef = 95391D0D1A12355D000EB952 /* GithubViewerTests.m */; };
/* End PBXBuildFile section */

/* Begin PBXContainerItemProxy section */
		95391D081A12355D000EB952 /* PBXContainerItemProxy */ = {
			isa = PBXContainerItemProxy;
			containerPortal = 95391CE61A12355D000EB952 /* Project object */;
			proxyType = 1;
			remoteGlobalIDString = 95391CED1A12355D000EB952;
			remoteInfo = GithubViewer;
		};
/* End PBXContainerItemProxy section */

/* Begin PBXFileReference section */
		95391CEE1A12355D000EB952 /* GithubViewer.app */ = {isa = PBXFileReference; explicitFileType = wrapper.application; includeInIndex = 0; path = GithubViewer.app; sourceTree = BUILT_PRODUCTS_DIR; };
		95391CF21A12355D000EB952 /* Info.plist */ = {isa = PBXFileReference; lastKnownFileType = text.plist.xml; path = Info.plist; sourceTree = "<group>"; };
		95391CF31A12355D000EB952 /* main.m */ = {isa = PBXFileReference; lastKnownFileType = sourcecode.c.objc; path = main.m; sourceTree = "<group>"; };
		95391CF51A12355D000EB952 /* AppDelegate.h */ = {isa = PBXFileReference; lastKnownFileType = sourcecode.c.h; path = AppDelegate.h; sourceTree = "<group>"; };
		95391CF61A12355D000EB952 /* AppDelegate.m */ = {isa = PBXFileReference; lastKnownFileType = sourcecode.c.objc; path = AppDelegate.m; sourceTree = "<group>"; };
		95391CF81A12355D000EB952 /* ViewController.h */ = {isa = PBXFileReference; lastKnownFileType = sourcecode.c.h; path = ViewController.h; sourceTree = "<group>"; };
		95391CF91A12355D000EB952 /* ViewController.m */ = {isa = PBXFileReference; lastKnownFileType = sourcecode.c.objc; path = ViewController.m; sourceTree = "<group>"; };
		95391CFC1A12355D000EB952 /* Base */ = {isa = PBXFileReference; lastKnownFileType = file.storyboard; name = Base; path = Base.lproj/Main.storyboard; sourceTree = "<group>"; };
		95391CFE1A12355D000EB952 /* Images.xcassets */ = {isa = PBXFileReference; lastKnownFileType = folder.assetcatalog; path = Images.xcassets; sourceTree = "<group>"; };
		95391D011A12355D000EB952 /* Base */ = {isa = PBXFileReference; lastKnownFileType = file.xib; name = Base; path = Base.lproj/LaunchScreen.xib; sourceTree = "<group>"; };
		95391D071A12355D000EB952 /* GithubViewerTests.xctest */ = {isa = PBXFileReference; explicitFileType = wrapper.cfbundle; includeInIndex = 0; path = GithubViewerTests.xctest; sourceTree = BUILT_PRODUCTS_DIR; };
		95391D0C1A12355D000EB952 /* Info.plist */ = {isa = PBXFileReference; lastKnownFileType = text.plist.xml; path = Info.plist; sourceTree = "<group>"; };
		95391D0D1A12355D000EB952 /* GithubViewerTests.m */ = {isa = PBXFileReference; lastKnownFileType = sourcecode.c.objc; path = GithubViewerTests.m; sourceTree = "<group>"; };
/* End PBXFileReference section */

/* Begin PBXFrameworksBuildPhase section */
		95391CEB1A12355D000EB952 /* Frameworks */ = {
			isa = PBXFrameworksBuildPhase;
			buildActionMask = 2147483647;
			files = (
			);
			runOnlyForDeploymentPostprocessing = 0;
		};
		95391D041A12355D000EB952 /* Frameworks */ = {
			isa = PBXFrameworksBuildPhase;
			buildActionMask = 2147483647;
			files = (
			);
			runOnlyForDeploymentPostprocessing = 0;
		};
/* End PBXFrameworksBuildPhase section */

/* Begin PBXGroup section */
		95391CE51A12355D000EB952 = {
			isa = PBXGroup;
			children = (
				95391CF01A12355D000EB952 /* GithubViewer */,
				95391D0A1A12355D000EB952 /* GithubViewerTests */,
				95391CEF1A12355D000EB952 /* Products */,
			);
			sourceTree = "<group>";
		};
		95391CEF1A12355D000EB952 /* Products */ = {
			isa = PBXGroup;
			children = (
				95391CEE1A12355D000EB952 /* GithubViewer.app */,
				95391D071A12355D000EB952 /* GithubViewerTests.xctest */,
			);
			name = Products;
			sourceTree = "<group>";
		};
		95391CF01A12355D000EB952 /* GithubViewer */ = {
			isa = PBXGroup;
			children = (
				95391CF51A12355D000EB952 /* AppDelegate.h */,
				95391CF61A12355D000EB952 /* AppDelegate.m */,
				95391CF81A12355D000EB952 /* ViewController.h */,
				95391CF91A12355D000EB952 /* ViewController.m */,
				95391CFB1A12355D000EB952 /* Main.storyboard */,
				95391CFE1A12355D000EB952 /* Images.xcassets */,
				95391D001A12355D000EB952 /* LaunchScreen.xib */,
				95391CF11A12355D000EB952 /* Supporting Files */,
			);
			path = GithubViewer;
			sourceTree = "<group>";
		};
		95391CF11A12355D000EB952 /* Supporting Files */ = {
			isa = PBXGroup;
			children = (
				95391CF21A12355D000EB952 /* Info.plist */,
				95391CF31A12355D000EB952 /* main.m */,
			);
			name = "Supporting Files";
			sourceTree = "<group>";
		};
		95391D0A1A12355D000EB952 /* GithubViewerTests */ = {
			isa = PBXGroup;
			children = (
				95391D0D1A12355D000EB952 /* GithubViewerTests.m */,
				95391D0B1A12355D000EB952 /* Supporting Files */,
			);
			path = GithubViewerTests;
			sourceTree = "<group>";
		};
		95391D0B1A12355D000EB952 /* Supporting Files */ = {
			isa = PBXGroup;
			children = (
				95391D0C1A12355D000EB952 /* Info.plist */,
			);
			name = "Supporting Files";
			sourceTree = "<group>";
		};
/* End PBXGroup section */

/* Begin PBXNativeTarget section */
		95391CED1A12355D000EB952 /* GithubViewer */ = {
			isa = PBXNativeTarget;
			buildConfigurationList = 95391D111A12355D000EB952 /* Build configuration list for PBXNativeTarget "GithubViewer" */;
			buildPhases = (
				95391CEA1A12355D000EB952 /* Sources */,
				95391CEB1A12355D000EB952 /* Frameworks */,
				95391CEC1A12355D000EB952 /* Resources */,
			);
			buildRules = (
			);
			dependencies = (
			);
			name = GithubViewer;
			productName = GithubViewer;
			productReference = 95391CEE1A12355D000EB952 /* GithubViewer.app */;
			productType = "com.apple.product-type.application";
		};
		95391D061A12355D000EB952 /* GithubViewerTests */ = {
			isa = PBXNativeTarget;
			buildConfigurationList = 95391D141A12355D000EB952 /* Build configuration list for PBXNativeTarget "GithubViewerTests" */;
			buildPhases = (
				95391D031A12355D000EB952 /* Sources */,
				95391D041A12355D000EB952 /* Frameworks */,
				95391D051A12355D000EB952 /* Resources */,
			);
			buildRules = (
			);
			dependencies = (
				95391D091A12355D000EB952 /* PBXTargetDependency */,
			);
			name = GithubViewerTests;
			productName = GithubViewerTests;
			productReference = 95391D071A12355D000EB952 /* GithubViewerTests.xctest */;
			productType = "com.apple.product-type.bundle.unit-test";
		};
/* End PBXNativeTarget section */

/* Begin PBXProject section */
		95391CE61A12355D000EB952 /* Project object */ = {
			isa = PBXProject;
			attributes = {
				LastUpgradeCheck = 0610;
				ORGANIZATIONNAME = "Dmitry Vlasov";
				TargetAttributes = {
					95391CED1A12355D000EB952 = {
						CreatedOnToolsVersion = 6.1;
					};
					95391D061A12355D000EB952 = {
						CreatedOnToolsVersion = 6.1;
						TestTargetID = 95391CED1A12355D000EB952;
					};
				};
			};
			buildConfigurationList = 95391CE91A12355D000EB952 /* Build configuration list for PBXProject "GithubViewer" */;
			compatibilityVersion = "Xcode 3.2";
			developmentRegion = English;
			hasScannedForEncodings = 0;
			knownRegions = (
				en,
				Base,
			);
			mainGroup = 95391CE51A12355D000EB952;
			productRefGroup = 95391CEF1A12355D000EB952 /* Products */;
			projectDirPath = "";
			projectRoot = "";
			targets = (
				95391CED1A12355D000EB952 /* GithubViewer */,
				95391D061A12355D000EB952 /* GithubViewerTests */,
			);
		};
/* End PBXProject section */

/* Begin PBXResourcesBuildPhase section */
		95391CEC1A12355D000EB952 /* Resources */ = {
			isa = PBXResourcesBuildPhase;
			buildActionMask = 2147483647;
			files = (
				95391CFD1A12355D000EB952 /* Main.storyboard in Resources */,
				95391D021A12355D000EB952 /* LaunchScreen.xib in Resources */,
				95391CFF1A12355D000EB952 /* Images.xcassets in Resources */,
			);
			runOnlyForDeploymentPostprocessing = 0;
		};
		95391D051A12355D000EB952 /* Resources */ = {
			isa = PBXResourcesBuildPhase;
			buildActionMask = 2147483647;
			files = (
			);
			runOnlyForDeploymentPostprocessing = 0;
		};
/* End PBXResourcesBuildPhase section */

/* Begin PBXSourcesBuildPhase section */
		95391CEA1A12355D000EB952 /* Sources */ = {
			isa = PBXSourcesBuildPhase;
			buildActionMask = 2147483647;
			files = (
				95391CFA1A12355D000EB952 /* ViewController.m in Sources */,
				95391CF71A12355D000EB952 /* AppDelegate.m in Sources */,
				95391CF41A12355D000EB952 /* main.m in Sources */,
			);
			runOnlyForDeploymentPostprocessing = 0;
		};
		95391D031A12355D000EB952 /* Sources */ = {
			isa = PBXSourcesBuildPhase;
			buildActionMask = 2147483647;
			files = (
				95391D0E1A12355D000EB952 /* GithubViewerTests.m in Sources */,
			);
			runOnlyForDeploymentPostprocessing = 0;
		};
/* End PBXSourcesBuildPhase section */

/* Begin PBXTargetDependency section */
		95391D091A12355D000EB952 /* PBXTargetDependency */ = {
			isa = PBXTargetDependency;
			target = 95391CED1A12355D000EB952 /* GithubViewer */;
			targetProxy = 95391D081A12355D000EB952 /* PBXContainerItemProxy */;
		};
/* End PBXTargetDependency section */

/* Begin PBXVariantGroup section */
		95391CFB1A12355D000EB952 /* Main.storyboard */ = {
			isa = PBXVariantGroup;
			children = (
				95391CFC1A12355D000EB952 /* Base */,
			);
			name = Main.storyboard;
			sourceTree = "<group>";
		};
		95391D001A12355D000EB952 /* LaunchScreen.xib */ = {
			isa = PBXVariantGroup;
			children = (
				95391D011A12355D000EB952 /* Base */,
			);
			name = LaunchScreen.xib;
			sourceTree = "<group>";
		};
/* End PBXVariantGroup section */

/* Begin XCBuildConfiguration section */
		95391D0F1A12355D000EB952 /* Debug */ = {
			isa = XCBuildConfiguration;
			buildSettings = {
				ALWAYS_SEARCH_USER_PATHS = NO;
				CLANG_CXX_LANGUAGE_STANDARD = "gnu++0x";
				CLANG_CXX_LIBRARY = "libc++";
				CLANG_ENABLE_MODULES = YES;
				CLANG_ENABLE_OBJC_ARC = YES;
				CLANG_WARN_BOOL_CONVERSION = YES;
				CLANG_WARN_CONSTANT_CONVERSION = YES;
				CLANG_WARN_DIRECT_OBJC_ISA_USAGE = YES_ERROR;
				CLANG_WARN_EMPTY_BODY = YES;
				CLANG_WARN_ENUM_CONVERSION = YES;
				CLANG_WARN_INT_CONVERSION = YES;
				CLANG_WARN_OBJC_ROOT_CLASS = YES_ERROR;
				CLANG_WARN_UNREACHABLE_CODE = YES;
				CLANG_WARN__DUPLICATE_METHOD_MATCH = YES;
				"CODE_SIGN_IDENTITY[sdk=iphoneos*]" = "iPhone Developer";
				COPY_PHASE_STRIP = NO;
				ENABLE_STRICT_OBJC_MSGSEND = YES;
				GCC_C_LANGUAGE_STANDARD = gnu99;
				GCC_DYNAMIC_NO_PIC = NO;
				GCC_OPTIMIZATION_LEVEL = 0;
				GCC_PREPROCESSOR_DEFINITIONS = (
					"DEBUG=1",
					"$(inherited)",
				);
				GCC_SYMBOLS_PRIVATE_EXTERN = NO;
				GCC_WARN_64_TO_32_BIT_CONVERSION = YES;
				GCC_WARN_ABOUT_RETURN_TYPE = YES_ERROR;
				GCC_WARN_UNDECLARED_SELECTOR = YES;
				GCC_WARN_UNINITIALIZED_AUTOS = YES_AGGRESSIVE;
				GCC_WARN_UNUSED_FUNCTION = YES;
				GCC_WARN_UNUSED_VARIABLE = YES;
				IPHONEOS_DEPLOYMENT_TARGET = 8.1;
				MTL_ENABLE_DEBUG_INFO = YES;
				ONLY_ACTIVE_ARCH = YES;
				SDKROOT = iphoneos;
			};
			name = Debug;
		};
		95391D101A12355D000EB952 /* Release */ = {
			isa = XCBuildConfiguration;
			buildSettings = {
				ALWAYS_SEARCH_USER_PATHS = NO;
				CLANG_CXX_LANGUAGE_STANDARD = "gnu++0x";
				CLANG_CXX_LIBRARY = "libc++";
				CLANG_ENABLE_MODULES = YES;
				CLANG_ENABLE_OBJC_ARC = YES;
				CLANG_WARN_BOOL_CONVERSION = YES;
				CLANG_WARN_CONSTANT_CONVERSION = YES;
				CLANG_WARN_DIRECT_OBJC_ISA_USAGE = YES_ERROR;
				CLANG_WARN_EMPTY_BODY = YES;
				CLANG_WARN_ENUM_CONVERSION = YES;
				CLANG_WARN_INT_CONVERSION = YES;
				CLANG_WARN_OBJC_ROOT_CLASS = YES_ERROR;
				CLANG_WARN_UNREACHABLE_CODE = YES;
				CLANG_WARN__DUPLICATE_METHOD_MATCH = YES;
				"CODE_SIGN_IDENTITY[sdk=iphoneos*]" = "iPhone Developer";
				COPY_PHASE_STRIP = YES;
				ENABLE_NS_ASSERTIONS = NO;
				ENABLE_STRICT_OBJC_MSGSEND = YES;
				GCC_C_LANGUAGE_STANDARD = gnu99;
				GCC_WARN_64_TO_32_BIT_CONVERSION = YES;
				GCC_WARN_ABOUT_RETURN_TYPE = YES_ERROR;
				GCC_WARN_UNDECLARED_SELECTOR = YES;
				GCC_WARN_UNINITIALIZED_AUTOS = YES_AGGRESSIVE;
				GCC_WARN_UNUSED_FUNCTION = YES;
				GCC_WARN_UNUSED_VARIABLE = YES;
				IPHONEOS_DEPLOYMENT_TARGET = 8.1;
				MTL_ENABLE_DEBUG_INFO = NO;
				SDKROOT = iphoneos;
				VALIDATE_PRODUCT = YES;
			};
			name = Release;
		};
		95391D121A12355D000EB952 /* Debug */ = {
			isa = XCBuildConfiguration;
			buildSettings = {
				ASSETCATALOG_COMPILER_APPICON_NAME = AppIcon;
				INFOPLIST_FILE = GithubViewer/Info.plist;
				LD_RUNPATH_SEARCH_PATHS = "$(inherited) @executable_path/Frameworks";
				PRODUCT_NAME = "$(TARGET_NAME)";
			};
			name = Debug;
		};
		95391D131A12355D000EB952 /* Release */ = {
			isa = XCBuildConfiguration;
			buildSettings = {
				ASSETCATALOG_COMPILER_APPICON_NAME = AppIcon;
				INFOPLIST_FILE = GithubViewer/Info.plist;
				LD_RUNPATH_SEARCH_PATHS = "$(inherited) @executable_path/Frameworks";
				PRODUCT_NAME = "$(TARGET_NAME)";
			};
			name = Release;
		};
		95391D151A12355D000EB952 /* Debug */ = {
			isa = XCBuildConfiguration;
			buildSettings = {
				BUNDLE_LOADER = "$(TEST_HOST)";
				FRAMEWORK_SEARCH_PATHS = (
					"$(SDKROOT)/Developer/Library/Frameworks",
					"$(inherited)",
				);
				GCC_PREPROCESSOR_DEFINITIONS = (
					"DEBUG=1",
					"$(inherited)",
				);
				INFOPLIST_FILE = GithubViewerTests/Info.plist;
				LD_RUNPATH_SEARCH_PATHS = "$(inherited) @executable_path/Frameworks @loader_path/Frameworks";
				PRODUCT_NAME = "$(TARGET_NAME)";
				TEST_HOST = "$(BUILT_PRODUCTS_DIR)/GithubViewer.app/GithubViewer";
			};
			name = Debug;
		};
		95391D161A12355D000EB952 /* Release */ = {
			isa = XCBuildConfiguration;
			buildSettings = {
				BUNDLE_LOADER = "$(TEST_HOST)";
				FRAMEWORK_SEARCH_PATHS = (
					"$(SDKROOT)/Developer/Library/Frameworks",
					"$(inherited)",
				);
				INFOPLIST_FILE = GithubViewerTests/Info.plist;
				LD_RUNPATH_SEARCH_PATHS = "$(inherited) @executable_path/Frameworks @loader_path/Frameworks";
				PRODUCT_NAME = "$(TARGET_NAME)";
				TEST_HOST = "$(BUILT_PRODUCTS_DIR)/GithubViewer.app/GithubViewer";
			};
			name = Release;
		};
/* End XCBuildConfiguration section */

/* Begin XCConfigurationList section */
		95391CE91A12355D000EB952 /* Build configuration list for PBXProject "GithubViewer" */ = {
			isa = XCConfigurationList;
			buildConfigurations = (
				95391D0F1A12355D000EB952 /* Debug */,
				95391D101A12355D000EB952 /* Release */,
			);
			defaultConfigurationIsVisible = 0;
			defaultConfigurationName = Release;
		};
		95391D111A12355D000EB952 /* Build configuration list for PBXNativeTarget "GithubViewer" */ = {
			isa = XCConfigurationList;
			buildConfigurations = (
				95391D121A12355D000EB952 /* Debug */,
				95391D131A12355D000EB952 /* Release */,
			);
			defaultConfigurationIsVisible = 0;
		};
		95391D141A12355D000EB952 /* Build configuration list for PBXNativeTarget "GithubViewerTests" */ = {
			isa = XCConfigurationList;
			buildConfigurations = (
				95391D151A12355D000EB952 /* Debug */,
				95391D161A12355D000EB952 /* Release */,
			);
			defaultConfigurationIsVisible = 0;
		};
/* End XCConfigurationList section */
	};
	rootObject = 95391CE61A12355D000EB952 /* Project object */;
}
